
Microsoft Visual Studio Solution File, Format Version 12.00
# Visual Studio Version 17
VisualStudioVersion = 17.2.32519.379
MinimumVisualStudioVersion = 10.0.40219.1
Project("{FAE04EC0-301F-11D3-BF4B-00C04F79EFBC}") = "AdvertApi", "AdvertApi.csproj", "{2BC31637-043F-4D49-A962-36AB0183EDC0}"
EndProject
Project("{FAE04EC0-301F-11D3-BF4B-00C04F79EFBC}") = "AdvertApi.Models", "..\AdvertApi.Models\AdvertApi.Models.csproj", "{CEF199A8-3AA3-4618-A5AD-C409A81EF181}"
EndProject
Global
	GlobalSection(SolutionConfigurationPlatforms) = preSolution
		Debug|Any CPU = Debug|Any CPU
		Release|Any CPU = Release|Any CPU
	EndGlobalSection
	GlobalSection(ProjectConfigurationPlatforms) = postSolution
		{2BC31637-043F-4D49-A962-36AB0183EDC0}.Debug|Any CPU.ActiveCfg = Debug|Any CPU
		{2BC31637-043F-4D49-A962-36AB0183EDC0}.Debug|Any CPU.Build.0 = Debug|Any CPU
		{2BC31637-043F-4D49-A962-36AB0183EDC0}.Release|Any CPU.ActiveCfg = Release|Any CPU
		{2BC31637-043F-4D49-A962-36AB0183EDC0}.Release|Any CPU.Build.0 = Release|Any CPU
		{CEF199A8-3AA3-4618-A5AD-C409A81EF181}.Debug|Any CPU.ActiveCfg = Debug|Any CPU
		{CEF199A8-3AA3-4618-A5AD-C409A81EF181}.Debug|Any CPU.Build.0 = Debug|Any CPU
		{CEF199A8-3AA3-4618-A5AD-C409A81EF181}.Release|Any CPU.ActiveCfg = Release|Any CPU
		{CEF199A8-3AA3-4618-A5AD-C409A81EF181}.Release|Any CPU.Build.0 = Release|Any CPU
	EndGlobalSection
	GlobalSection(SolutionProperties) = preSolution
		HideSolutionNode = FALSE
	EndGlobalSection
	GlobalSection(ExtensibilityGlobals) = postSolution
		SolutionGuid = {744710A3-E5AA-4F97-A889-C5034636C128}
	EndGlobalSection
EndGlobal
